
Microsoft Visual Studio Solution File, Format Version 12.00
# Visual Studio 15
VisualStudioVersion = 15.0.26124.0
MinimumVisualStudioVersion = 15.0.26124.0
Project("{F2A71F9B-5D33-465A-A702-920D77279786}") = "BlackJack", "BlackJack\BlackJack.fsproj", "{30F64B97-55F6-4A69-A660-C518B203A26B}"
EndProject
Project("{F2A71F9B-5D33-465A-A702-920D77279786}") = "BlackJack.Test", "BlackJack.Test\BlackJack.Test.fsproj", "{6CD783BE-C4D2-4BC0-B206-561CA4299CD5}"
EndProject
Global
	GlobalSection(SolutionConfigurationPlatforms) = preSolution
		Debug|Any CPU = Debug|Any CPU
		Debug|x64 = Debug|x64
		Debug|x86 = Debug|x86
		Release|Any CPU = Release|Any CPU
		Release|x64 = Release|x64
		Release|x86 = Release|x86
	EndGlobalSection
	GlobalSection(SolutionProperties) = preSolution
		HideSolutionNode = FALSE
	EndGlobalSection
	GlobalSection(ProjectConfigurationPlatforms) = postSolution
		{30F64B97-55F6-4A69-A660-C518B203A26B}.Debug|Any CPU.ActiveCfg = Debug|Any CPU
		{30F64B97-55F6-4A69-A660-C518B203A26B}.Debug|Any CPU.Build.0 = Debug|Any CPU
		{30F64B97-55F6-4A69-A660-C518B203A26B}.Debug|x64.ActiveCfg = Debug|Any CPU
		{30F64B97-55F6-4A69-A660-C518B203A26B}.Debug|x64.Build.0 = Debug|Any CPU
		{30F64B97-55F6-4A69-A660-C518B203A26B}.Debug|x86.ActiveCfg = Debug|Any CPU
		{30F64B97-55F6-4A69-A660-C518B203A26B}.Debug|x86.Build.0 = Debug|Any CPU
		{30F64B97-55F6-4A69-A660-C518B203A26B}.Release|Any CPU.ActiveCfg = Release|Any CPU
		{30F64B97-55F6-4A69-A660-C518B203A26B}.Release|Any CPU.Build.0 = Release|Any CPU
		{30F64B97-55F6-4A69-A660-C518B203A26B}.Release|x64.ActiveCfg = Release|Any CPU
		{30F64B97-55F6-4A69-A660-C518B203A26B}.Release|x64.Build.0 = Release|Any CPU
		{30F64B97-55F6-4A69-A660-C518B203A26B}.Release|x86.ActiveCfg = Release|Any CPU
		{30F64B97-55F6-4A69-A660-C518B203A26B}.Release|x86.Build.0 = Release|Any CPU
		{6CD783BE-C4D2-4BC0-B206-561CA4299CD5}.Debug|Any CPU.ActiveCfg = Debug|Any CPU
		{6CD783BE-C4D2-4BC0-B206-561CA4299CD5}.Debug|Any CPU.Build.0 = Debug|Any CPU
		{6CD783BE-C4D2-4BC0-B206-561CA4299CD5}.Debug|x64.ActiveCfg = Debug|Any CPU
		{6CD783BE-C4D2-4BC0-B206-561CA4299CD5}.Debug|x64.Build.0 = Debug|Any CPU
		{6CD783BE-C4D2-4BC0-B206-561CA4299CD5}.Debug|x86.ActiveCfg = Debug|Any CPU
		{6CD783BE-C4D2-4BC0-B206-561CA4299CD5}.Debug|x86.Build.0 = Debug|Any CPU
		{6CD783BE-C4D2-4BC0-B206-561CA4299CD5}.Release|Any CPU.ActiveCfg = Release|Any CPU
		{6CD783BE-C4D2-4BC0-B206-561CA4299CD5}.Release|Any CPU.Build.0 = Release|Any CPU
		{6CD783BE-C4D2-4BC0-B206-561CA4299CD5}.Release|x64.ActiveCfg = Release|Any CPU
		{6CD783BE-C4D2-4BC0-B206-561CA4299CD5}.Release|x64.Build.0 = Release|Any CPU
		{6CD783BE-C4D2-4BC0-B206-561CA4299CD5}.Release|x86.ActiveCfg = Release|Any CPU
		{6CD783BE-C4D2-4BC0-B206-561CA4299CD5}.Release|x86.Build.0 = Release|Any CPU
	EndGlobalSection
EndGlobal
